<?xml version="1.0" encoding="utf-8"?>
<Project ToolsVersion="4.0" xmlns="http://schemas.microsoft.com/developer/msbuild/2003">
  <ItemGroup>
    <Filter Include="Source Files">
      <UniqueIdentifier>{4FC737F1-C7A5-4376-A066-2A32D752A2FF}</UniqueIdentifier>
      <Extensions>cpp;c;cc;cxx;def;odl;idl;hpj;bat;asm;asmx</Extensions>
    </Filter>
    <Filter Include="Header Files">
      <UniqueIdentifier>{93995380-89BD-4b04-88EB-625FBE52EBFB}</UniqueIdentifier>
      <Extensions>h;hh;hpp;hxx;hm;inl;inc;xsd</Extensions>
    </Filter>
    <Filter Include="Resource Files">
      <UniqueIdentifier>{67DA6AB6-F800-4c08-8B7A-83BB121AAD01}</UniqueIdentifier>
      <Extensions>rc;ico;cur;bmp;dlg;rc2;rct;bin;rgs;gif;jpg;jpeg;jpe;resx;tiff;tif;png;wav;mfcribbon-ms</Extensions>
    </Filter>
    <Filter Include="Header Files\Objects">
      <UniqueIdentifier>{16c39479-16b0-44a2-8372-3b1964ef6b3d}</UniqueIdentifier>
    </Filter>
    <Filter Include="Source Files\Objects">
      <UniqueIdentifier>{0b043c82-7a0d-4b0c-8f95-8e81df165626}</UniqueIdentifier>
    </Filter>
    <Filter Include="Header Files\Provided">
      <UniqueIdentifier>{5e235b50-8b7f-4705-91a6-a0aac4b6a3c8}</UniqueIdentifier>
    </Filter>
    <Filter Include="Source Files\Provided">
      <UniqueIdentifier>{5112fff3-e5cc-4d6d-9665-ac2cb663b133}</UniqueIdentifier>
    </Filter>
  </ItemGroup>
  <ItemGroup>
    <Text Include="ReadMe.txt">
      <Filter>Source Files</Filter>
    </Text>
  </ItemGroup>
  <ItemGroup>
    <ClCompile Include="Camera.cpp">
      <Filter>Source Files</Filter>
    </ClCompile>
    <ClCompile Include="RayGenerator.cpp">
      <Filter>Source Files</Filter>
    </ClCompile>
    <ClCompile Include="Ray.cpp">
      <Filter>Source Files</Filter>
    </ClCompile>
    <ClCompile Include="RayTracer.cpp">
      <Filter>Source Files</Filter>
    </ClCompile>
    <ClCompile Include="Sphere.cpp">
      <Filter>Source Files\Objects</Filter>
    </ClCompile>
    <ClCompile Include="Triangle.cpp">
      <Filter>Source Files\Objects</Filter>
    </ClCompile>
    <ClCompile Include="AABB.cpp">
      <Filter>Source Files\Objects</Filter>
    </ClCompile>
    <ClCompile Include="BVHTree.cpp">
      <Filter>Source Files</Filter>
    </ClCompile>
    <ClCompile Include="list.cpp">
      <Filter>Source Files\Provided</Filter>
    </ClCompile>
    <ClCompile Include="obj_parser.cpp">
      <Filter>Source Files\Provided</Filter>
    </ClCompile>
    <ClCompile Include="objLoader.cpp">
      <Filter>Source Files\Provided</Filter>
    </ClCompile>
    <ClCompile Include="string_extra.cpp">
      <Filter>Source Files\Provided</Filter>
    </ClCompile>
  </ItemGroup>
  <ItemGroup>
    <ClInclude Include="Camera.h">
      <Filter>Header Files</Filter>
    </ClInclude>
    <ClInclude Include="RayGenerator.h">
      <Filter>Header Files</Filter>
    </ClInclude>
    <ClInclude Include="Ray.h">
      <Filter>Header Files</Filter>
    </ClInclude>
    <ClInclude Include="RayTracer.h">
      <Filter>Header Files</Filter>
    </ClInclude>
    <ClInclude Include="Primitive.h">
      <Filter>Header Files\Objects</Filter>
    </ClInclude>
    <ClInclude Include="Sphere.h">
      <Filter>Header Files\Objects</Filter>
    </ClInclude>
    <ClInclude Include="Triangle.h">
      <Filter>Header Files\Objects</Filter>
    </ClInclude>
    <ClInclude Include="AABB.h">
      <Filter>Header Files\Objects</Filter>
    </ClInclude>
    <ClInclude Include="BVHTree.h">
      <Filter>Header Files</Filter>
    </ClInclude>
    <ClInclude Include="Buffer.h">
      <Filter>Header Files\Provided</Filter>
    </ClInclude>
    <ClInclude Include="GenVector.h">
      <Filter>Header Files\Provided</Filter>
    </ClInclude>
    <ClInclude Include="list.h">
      <Filter>Header Files\Provided</Filter>
    </ClInclude>
    <ClInclude Include="obj_parser.h">
      <Filter>Header Files\Provided</Filter>
    </ClInclude>
    <ClInclude Include="objLoader.h">
      <Filter>Header Files\Provided</Filter>
    </ClInclude>
    <ClInclude Include="simplePNG.h">
      <Filter>Header Files\Provided</Filter>
    </ClInclude>
    <ClInclude Include="string_extra.h">
      <Filter>Header Files\Provided</Filter>
    </ClInclude>
  </ItemGroup>
  <ItemGroup>
    <Image Include="resources\provided\day1\day1.png">
      <Filter>Resource Files</Filter>
    </Image>
  </ItemGroup>
  <ItemGroup>
    <None Include="resources\objLoad\test.mtl">
      <Filter>Resource Files</Filter>
    </None>
  </ItemGroup>
</Project>